// !$*UTF8*$!
{
	archiveVersion = 1;
	classes = {
	};
	objectVersion = 50;
	objects = {

/* Begin PBXBuildFile section */
		B45C6CD0246EDA4200401F40 /* AppDelegate.swift in Sources */ = {isa = PBXBuildFile; fileRef = B45C6CCF246EDA4200401F40 /* AppDelegate.swift */; };
		B45C6CD2246EDA4200401F40 /* SceneDelegate.swift in Sources */ = {isa = PBXBuildFile; fileRef = B45C6CD1246EDA4200401F40 /* SceneDelegate.swift */; };
		B45C6CD4246EDA4200401F40 /* ViewController.swift in Sources */ = {isa = PBXBuildFile; fileRef = B45C6CD3246EDA4200401F40 /* ViewController.swift */; };
		B45C6CD7246EDA4200401F40 /* Main.storyboard in Resources */ = {isa = PBXBuildFile; fileRef = B45C6CD5246EDA4200401F40 /* Main.storyboard */; };
		B45C6CD9246EDA4300401F40 /* Assets.xcassets in Resources */ = {isa = PBXBuildFile; fileRef = B45C6CD8246EDA4300401F40 /* Assets.xcassets */; };
		B45C6CDC246EDA4300401F40 /* LaunchScreen.storyboard in Resources */ = {isa = PBXBuildFile; fileRef = B45C6CDA246EDA4300401F40 /* LaunchScreen.storyboard */; };
		B45C6CE7246EDA4300401F40 /* MentorBookkTests.swift in Sources */ = {isa = PBXBuildFile; fileRef = B45C6CE6246EDA4300401F40 /* MentorBookkTests.swift */; };
		B45C6CF2246EDA4300401F40 /* MentorBookkUITests.swift in Sources */ = {isa = PBXBuildFile; fileRef = B45C6CF1246EDA4300401F40 /* MentorBookkUITests.swift */; };
		B45C6D07246EDC1700401F40 /* Mentor.swift in Sources */ = {isa = PBXBuildFile; fileRef = B45C6D06246EDC1700401F40 /* Mentor.swift */; };
		B45C6D0B246EDE3B00401F40 /* nagata.jpg in Resources */ = {isa = PBXBuildFile; fileRef = B45C6D08246EDE3B00401F40 /* nagata.jpg */; };
		B45C6D0C246EDE3B00401F40 /* ryo.jpg in Resources */ = {isa = PBXBuildFile; fileRef = B45C6D09246EDE3B00401F40 /* ryo.jpg */; };
		B45C6D0D246EDE3B00401F40 /* taithi.JPG in Resources */ = {isa = PBXBuildFile; fileRef = B45C6D0A246EDE3B00401F40 /* taithi.JPG */; };
/* End PBXBuildFile section */

/* Begin PBXContainerItemProxy section */
		B45C6CE3246EDA4300401F40 /* PBXContainerItemProxy */ = {
			isa = PBXContainerItemProxy;
			containerPortal = B45C6CC4246EDA4200401F40 /* Project object */;
			proxyType = 1;
			remoteGlobalIDString = B45C6CCB246EDA4200401F40;
			remoteInfo = MentorBookk;
		};
		B45C6CEE246EDA4300401F40 /* PBXContainerItemProxy */ = {
			isa = PBXContainerItemProxy;
			containerPortal = B45C6CC4246EDA4200401F40 /* Project object */;
			proxyType = 1;
			remoteGlobalIDString = B45C6CCB246EDA4200401F40;
			remoteInfo = MentorBookk;
		};
/* End PBXContainerItemProxy section */

/* Begin PBXFileReference section */
		B45C6CCC246EDA4200401F40 /* MentorBookk.app */ = {isa = PBXFileReference; explicitFileType = wrapper.application; includeInIndex = 0; path = MentorBookk.app; sourceTree = BUILT_PRODUCTS_DIR; };
		B45C6CCF246EDA4200401F40 /* AppDelegate.swift */ = {isa = PBXFileReference; lastKnownFileType = sourcecode.swift; path = AppDelegate.swift; sourceTree = "<group>"; };
		B45C6CD1246EDA4200401F40 /* SceneDelegate.swift */ = {isa = PBXFileReference; lastKnownFileType = sourcecode.swift; path = SceneDelegate.swift; sourceTree = "<group>"; };
		B45C6CD3246EDA4200401F40 /* ViewController.swift */ = {isa = PBXFileReference; lastKnownFileType = sourcecode.swift; path = ViewController.swift; sourceTree = "<group>"; };
		B45C6CD6246EDA4200401F40 /* Base */ = {isa = PBXFileReference; lastKnownFileType = file.storyboard; name = Base; path = Base.lproj/Main.storyboard; sourceTree = "<group>"; };
		B45C6CD8246EDA4300401F40 /* Assets.xcassets */ = {isa = PBXFileReference; lastKnownFileType = folder.assetcatalog; path = Assets.xcassets; sourceTree = "<group>"; };
		B45C6CDB246EDA4300401F40 /* Base */ = {isa = PBXFileReference; lastKnownFileType = file.storyboard; name = Base; path = Base.lproj/LaunchScreen.storyboard; sourceTree = "<group>"; };
		B45C6CDD246EDA4300401F40 /* Info.plist */ = {isa = PBXFileReference; lastKnownFileType = text.plist.xml; path = Info.plist; sourceTree = "<group>"; };
		B45C6CE2246EDA4300401F40 /* MentorBookkTests.xctest */ = {isa = PBXFileReference; explicitFileType = wrapper.cfbundle; includeInIndex = 0; path = MentorBookkTests.xctest; sourceTree = BUILT_PRODUCTS_DIR; };
		B45C6CE6246EDA4300401F40 /* MentorBookkTests.swift */ = {isa = PBXFileReference; lastKnownFileType = sourcecode.swift; path = MentorBookkTests.swift; sourceTree = "<group>"; };
		B45C6CE8246EDA4300401F40 /* Info.plist */ = {isa = PBXFileReference; lastKnownFileType = text.plist.xml; path = Info.plist; sourceTree = "<group>"; };
		B45C6CED246EDA4300401F40 /* MentorBookkUITests.xctest */ = {isa = PBXFileReference; explicitFileType = wrapper.cfbundle; includeInIndex = 0; path = MentorBookkUITests.xctest; sourceTree = BUILT_PRODUCTS_DIR; };
		B45C6CF1246EDA4300401F40 /* MentorBookkUITests.swift */ = {isa = PBXFileReference; lastKnownFileType = sourcecode.swift; path = MentorBookkUITests.swift; sourceTree = "<group>"; };
		B45C6CF3246EDA4300401F40 /* Info.plist */ = {isa = PBXFileReference; lastKnownFileType = text.plist.xml; path = Info.plist; sourceTree = "<group>"; };
		B45C6D06246EDC1700401F40 /* Mentor.swift */ = {isa = PBXFileReference; lastKnownFileType = sourcecode.swift; path = Mentor.swift; sourceTree = "<group>"; };
		B45C6D08246EDE3B00401F40 /* nagata.jpg */ = {isa = PBXFileReference; lastKnownFileType = image.jpeg; path = nagata.jpg; sourceTree = "<group>"; };
		B45C6D09246EDE3B00401F40 /* ryo.jpg */ = {isa = PBXFileReference; lastKnownFileType = image.jpeg; path = ryo.jpg; sourceTree = "<group>"; };
		B45C6D0A246EDE3B00401F40 /* taithi.JPG */ = {isa = PBXFileReference; lastKnownFileType = image.jpeg; path = taithi.JPG; sourceTree = "<group>"; };
/* End PBXFileReference section */

/* Begin PBXFrameworksBuildPhase section */
		B45C6CC9246EDA4200401F40 /* Frameworks */ = {
			isa = PBXFrameworksBuildPhase;
			buildActionMask = 2147483647;
			files = (
			);
			runOnlyForDeploymentPostprocessing = 0;
		};
		B45C6CDF246EDA4300401F40 /* Frameworks */ = {
			isa = PBXFrameworksBuildPhase;
			buildActionMask = 2147483647;
			files = (
			);
			runOnlyForDeploymentPostprocessing = 0;
		};
		B45C6CEA246EDA4300401F40 /* Frameworks */ = {
			isa = PBXFrameworksBuildPhase;
			buildActionMask = 2147483647;
			files = (
			);
			runOnlyForDeploymentPostprocessing = 0;
		};
/* End PBXFrameworksBuildPhase section */

/* Begin PBXGroup section */
		B45C6CC3246EDA4200401F40 = {
			isa = PBXGroup;
			children = (
				B45C6CCE246EDA4200401F40 /* MentorBookk */,
				B45C6CE5246EDA4300401F40 /* MentorBookkTests */,
				B45C6CF0246EDA4300401F40 /* MentorBookkUITests */,
				B45C6CCD246EDA4200401F40 /* Products */,
			);
			sourceTree = "<group>";
		};
		B45C6CCD246EDA4200401F40 /* Products */ = {
			isa = PBXGroup;
			children = (
				B45C6CCC246EDA4200401F40 /* MentorBookk.app */,
				B45C6CE2246EDA4300401F40 /* MentorBookkTests.xctest */,
				B45C6CED246EDA4300401F40 /* MentorBookkUITests.xctest */,
			);
			name = Products;
			sourceTree = "<group>";
		};
		B45C6CCE246EDA4200401F40 /* MentorBookk */ = {
			isa = PBXGroup;
			children = (
				B45C6D08246EDE3B00401F40 /* nagata.jpg */,
				B45C6D09246EDE3B00401F40 /* ryo.jpg */,
				B45C6D0A246EDE3B00401F40 /* taithi.JPG */,
				B45C6CCF246EDA4200401F40 /* AppDelegate.swift */,
				B45C6CD1246EDA4200401F40 /* SceneDelegate.swift */,
				B45C6CD3246EDA4200401F40 /* ViewController.swift */,
				B45C6CD5246EDA4200401F40 /* Main.storyboard */,
				B45C6CD8246EDA4300401F40 /* Assets.xcassets */,
				B45C6CDA246EDA4300401F40 /* LaunchScreen.storyboard */,
				B45C6CDD246EDA4300401F40 /* Info.plist */,
				B45C6D06246EDC1700401F40 /* Mentor.swift */,
			);
			path = MentorBookk;
			sourceTree = "<group>";
		};
		B45C6CE5246EDA4300401F40 /* MentorBookkTests */ = {
			isa = PBXGroup;
			children = (
				B45C6CE6246EDA4300401F40 /* MentorBookkTests.swift */,
				B45C6CE8246EDA4300401F40 /* Info.plist */,
			);
			path = MentorBookkTests;
			sourceTree = "<group>";
		};
		B45C6CF0246EDA4300401F40 /* MentorBookkUITests */ = {
			isa = PBXGroup;
			children = (
				B45C6CF1246EDA4300401F40 /* MentorBookkUITests.swift */,
				B45C6CF3246EDA4300401F40 /* Info.plist */,
			);
			path = MentorBookkUITests;
			sourceTree = "<group>";
		};
/* End PBXGroup section */

/* Begin PBXNativeTarget section */
		B45C6CCB246EDA4200401F40 /* MentorBookk */ = {
			isa = PBXNativeTarget;
			buildConfigurationList = B45C6CF6246EDA4300401F40 /* Build configuration list for PBXNativeTarget "MentorBookk" */;
			buildPhases = (
				B45C6CC8246EDA4200401F40 /* Sources */,
				B45C6CC9246EDA4200401F40 /* Frameworks */,
				B45C6CCA246EDA4200401F40 /* Resources */,
			);
			buildRules = (
			);
			dependencies = (
			);
			name = MentorBookk;
			productName = MentorBookk;
			productReference = B45C6CCC246EDA4200401F40 /* MentorBookk.app */;
			productType = "com.apple.product-type.application";
		};
		B45C6CE1246EDA4300401F40 /* MentorBookkTests */ = {
			isa = PBXNativeTarget;
			buildConfigurationList = B45C6CF9246EDA4300401F40 /* Build configuration list for PBXNativeTarget "MentorBookkTests" */;
			buildPhases = (
				B45C6CDE246EDA4300401F40 /* Sources */,
				B45C6CDF246EDA4300401F40 /* Frameworks */,
				B45C6CE0246EDA4300401F40 /* Resources */,
			);
			buildRules = (
			);
			dependencies = (
				B45C6CE4246EDA4300401F40 /* PBXTargetDependency */,
			);
			name = MentorBookkTests;
			productName = MentorBookkTests;
			productReference = B45C6CE2246EDA4300401F40 /* MentorBookkTests.xctest */;
			productType = "com.apple.product-type.bundle.unit-test";
		};
		B45C6CEC246EDA4300401F40 /* MentorBookkUITests */ = {
			isa = PBXNativeTarget;
			buildConfigurationList = B45C6CFC246EDA4300401F40 /* Build configuration list for PBXNativeTarget "MentorBookkUITests" */;
			buildPhases = (
				B45C6CE9246EDA4300401F40 /* Sources */,
				B45C6CEA246EDA4300401F40 /* Frameworks */,
				B45C6CEB246EDA4300401F40 /* Resources */,
			);
			buildRules = (
			);
			dependencies = (
				B45C6CEF246EDA4300401F40 /* PBXTargetDependency */,
			);
			name = MentorBookkUITests;
			productName = MentorBookkUITests;
			productReference = B45C6CED246EDA4300401F40 /* MentorBookkUITests.xctest */;
			productType = "com.apple.product-type.bundle.ui-testing";
		};
/* End PBXNativeTarget section */

/* Begin PBXProject section */
		B45C6CC4246EDA4200401F40 /* Project object */ = {
			isa = PBXProject;
			attributes = {
				LastSwiftUpdateCheck = 1150;
				LastUpgradeCheck = 1150;
				ORGANIZATIONNAME = "Izumi zu-mi-";
				TargetAttributes = {
					B45C6CCB246EDA4200401F40 = {
						CreatedOnToolsVersion = 11.5;
					};
					B45C6CE1246EDA4300401F40 = {
						CreatedOnToolsVersion = 11.5;
						TestTargetID = B45C6CCB246EDA4200401F40;
					};
					B45C6CEC246EDA4300401F40 = {
						CreatedOnToolsVersion = 11.5;
						TestTargetID = B45C6CCB246EDA4200401F40;
					};
				};
			};
			buildConfigurationList = B45C6CC7246EDA4200401F40 /* Build configuration list for PBXProject "MentorBookk" */;
			compatibilityVersion = "Xcode 9.3";
			developmentRegion = en;
			hasScannedForEncodings = 0;
			knownRegions = (
				en,
				Base,
			);
			mainGroup = B45C6CC3246EDA4200401F40;
			productRefGroup = B45C6CCD246EDA4200401F40 /* Products */;
			projectDirPath = "";
			projectRoot = "";
			targets = (
				B45C6CCB246EDA4200401F40 /* MentorBookk */,
				B45C6CE1246EDA4300401F40 /* MentorBookkTests */,
				B45C6CEC246EDA4300401F40 /* MentorBookkUITests */,
			);
		};
/* End PBXProject section */

/* Begin PBXResourcesBuildPhase section */
		B45C6CCA246EDA4200401F40 /* Resources */ = {
			isa = PBXResourcesBuildPhase;
			buildActionMask = 2147483647;
			files = (
				B45C6CDC246EDA4300401F40 /* LaunchScreen.storyboard in Resources */,
				B45C6D0B246EDE3B00401F40 /* nagata.jpg in Resources */,
				B45C6D0D246EDE3B00401F40 /* taithi.JPG in Resources */,
				B45C6D0C246EDE3B00401F40 /* ryo.jpg in Resources */,
				B45C6CD9246EDA4300401F40 /* Assets.xcassets in Resources */,
				B45C6CD7246EDA4200401F40 /* Main.storyboard in Resources */,
			);
			runOnlyForDeploymentPostprocessing = 0;
		};
		B45C6CE0246EDA4300401F40 /* Resources */ = {
			isa = PBXResourcesBuildPhase;
			buildActionMask = 2147483647;
			files = (
			);
			runOnlyForDeploymentPostprocessing = 0;
		};
		B45C6CEB246EDA4300401F40 /* Resources */ = {
			isa = PBXResourcesBuildPhase;
			buildActionMask = 2147483647;
			files = (
			);
			runOnlyForDeploymentPostprocessing = 0;
		};
/* End PBXResourcesBuildPhase section */

/* Begin PBXSourcesBuildPhase section */
		B45C6CC8246EDA4200401F40 /* Sources */ = {
			isa = PBXSourcesBuildPhase;
			buildActionMask = 2147483647;
			files = (
				B45C6CD4246EDA4200401F40 /* ViewController.swift in Sources */,
				B45C6D07246EDC1700401F40 /* Mentor.swift in Sources */,
				B45C6CD0246EDA4200401F40 /* AppDelegate.swift in Sources */,
				B45C6CD2246EDA4200401F40 /* SceneDelegate.swift in Sources */,
			);
			runOnlyForDeploymentPostprocessing = 0;
		};
		B45C6CDE246EDA4300401F40 /* Sources */ = {
			isa = PBXSourcesBuildPhase;
			buildActionMask = 2147483647;
			files = (
				B45C6CE7246EDA4300401F40 /* MentorBookkTests.swift in Sources */,
			);
			runOnlyForDeploymentPostprocessing = 0;
		};
		B45C6CE9246EDA4300401F40 /* Sources */ = {
			isa = PBXSourcesBuildPhase;
			buildActionMask = 2147483647;
			files = (
				B45C6CF2246EDA4300401F40 /* MentorBookkUITests.swift in Sources */,
			);
			runOnlyForDeploymentPostprocessing = 0;
		};
/* End PBXSourcesBuildPhase section */

/* Begin PBXTargetDependency section */
		B45C6CE4246EDA4300401F40 /* PBXTargetDependency */ = {
			isa = PBXTargetDependency;
			target = B45C6CCB246EDA4200401F40 /* MentorBookk */;
			targetProxy = B45C6CE3246EDA4300401F40 /* PBXContainerItemProxy */;
		};
		B45C6CEF246EDA4300401F40 /* PBXTargetDependency */ = {
			isa = PBXTargetDependency;
			target = B45C6CCB246EDA4200401F40 /* MentorBookk */;
			targetProxy = B45C6CEE246EDA4300401F40 /* PBXContainerItemProxy */;
		};
/* End PBXTargetDependency section */

/* Begin PBXVariantGroup section */
		B45C6CD5246EDA4200401F40 /* Main.storyboard */ = {
			isa = PBXVariantGroup;
			children = (
				B45C6CD6246EDA4200401F40 /* Base */,
			);
			name = Main.storyboard;
			sourceTree = "<group>";
		};
		B45C6CDA246EDA4300401F40 /* LaunchScreen.storyboard */ = {
			isa = PBXVariantGroup;
			children = (
				B45C6CDB246EDA4300401F40 /* Base */,
			);
			name = LaunchScreen.storyboard;
			sourceTree = "<group>";
		};
/* End PBXVariantGroup section */

/* Begin XCBuildConfiguration section */
		B45C6CF4246EDA4300401F40 /* Debug */ = {
			isa = XCBuildConfiguration;
			buildSettings = {
				ALWAYS_SEARCH_USER_PATHS = NO;
				CLANG_ANALYZER_NONNULL = YES;
				CLANG_ANALYZER_NUMBER_OBJECT_CONVERSION = YES_AGGRESSIVE;
				CLANG_CXX_LANGUAGE_STANDARD = "gnu++14";
				CLANG_CXX_LIBRARY = "libc++";
				CLANG_ENABLE_MODULES = YES;
				CLANG_ENABLE_OBJC_ARC = YES;
				CLANG_ENABLE_OBJC_WEAK = YES;
				CLANG_WARN_BLOCK_CAPTURE_AUTORELEASING = YES;
				CLANG_WARN_BOOL_CONVERSION = YES;
				CLANG_WARN_COMMA = YES;
				CLANG_WARN_CONSTANT_CONVERSION = YES;
				CLANG_WARN_DEPRECATED_OBJC_IMPLEMENTATIONS = YES;
				CLANG_WARN_DIRECT_OBJC_ISA_USAGE = YES_ERROR;
				CLANG_WARN_DOCUMENTATION_COMMENTS = YES;
				CLANG_WARN_EMPTY_BODY = YES;
				CLANG_WARN_ENUM_CONVERSION = YES;
				CLANG_WARN_INFINITE_RECURSION = YES;
				CLANG_WARN_INT_CONVERSION = YES;
				CLANG_WARN_NON_LITERAL_NULL_CONVERSION = YES;
				CLANG_WARN_OBJC_IMPLICIT_RETAIN_SELF = YES;
				CLANG_WARN_OBJC_LITERAL_CONVERSION = YES;
				CLANG_WARN_OBJC_ROOT_CLASS = YES_ERROR;
				CLANG_WARN_RANGE_LOOP_ANALYSIS = YES;
				CLANG_WARN_STRICT_PROTOTYPES = YES;
				CLANG_WARN_SUSPICIOUS_MOVE = YES;
				CLANG_WARN_UNGUARDED_AVAILABILITY = YES_AGGRESSIVE;
				CLANG_WARN_UNREACHABLE_CODE = YES;
				CLANG_WARN__DUPLICATE_METHOD_MATCH = YES;
				COPY_PHASE_STRIP = NO;
				DEBUG_INFORMATION_FORMAT = dwarf;
				ENABLE_STRICT_OBJC_MSGSEND = YES;
				ENABLE_TESTABILITY = YES;
				GCC_C_LANGUAGE_STANDARD = gnu11;
				GCC_DYNAMIC_NO_PIC = NO;
				GCC_NO_COMMON_BLOCKS = YES;
				GCC_OPTIMIZATION_LEVEL = 0;
				GCC_PREPROCESSOR_DEFINITIONS = (
					"DEBUG=1",
					"$(inherited)",
				);
				GCC_WARN_64_TO_32_BIT_CONVERSION = YES;
				GCC_WARN_ABOUT_RETURN_TYPE = YES_ERROR;
				GCC_WARN_UNDECLARED_SELECTOR = YES;
				GCC_WARN_UNINITIALIZED_AUTOS = YES_AGGRESSIVE;
				GCC_WARN_UNUSED_FUNCTION = YES;
				GCC_WARN_UNUSED_VARIABLE = YES;
				IPHONEOS_DEPLOYMENT_TARGET = 13.5;
				MTL_ENABLE_DEBUG_INFO = INCLUDE_SOURCE;
				MTL_FAST_MATH = YES;
				ONLY_ACTIVE_ARCH = YES;
				SDKROOT = iphoneos;
				SWIFT_ACTIVE_COMPILATION_CONDITIONS = DEBUG;
				SWIFT_OPTIMIZATION_LEVEL = "-Onone";
			};
			name = Debug;
		};
		B45C6CF5246EDA4300401F40 /* Release */ = {
			isa = XCBuildConfiguration;
			buildSettings = {
				ALWAYS_SEARCH_USER_PATHS = NO;
				CLANG_ANALYZER_NONNULL = YES;
				CLANG_ANALYZER_NUMBER_OBJECT_CONVERSION = YES_AGGRESSIVE;
				CLANG_CXX_LANGUAGE_STANDARD = "gnu++14";
				CLANG_CXX_LIBRARY = "libc++";
				CLANG_ENABLE_MODULES = YES;
				CLANG_ENABLE_OBJC_ARC = YES;
				CLANG_ENABLE_OBJC_WEAK = YES;
				CLANG_WARN_BLOCK_CAPTURE_AUTORELEASING = YES;
				CLANG_WARN_BOOL_CONVERSION = YES;
				CLANG_WARN_COMMA = YES;
				CLANG_WARN_CONSTANT_CONVERSION = YES;
				CLANG_WARN_DEPRECATED_OBJC_IMPLEMENTATIONS = YES;
				CLANG_WARN_DIRECT_OBJC_ISA_USAGE = YES_ERROR;
				CLANG_WARN_DOCUMENTATION_COMMENTS = YES;
				CLANG_WARN_EMPTY_BODY = YES;
				CLANG_WARN_ENUM_CONVERSION = YES;
				CLANG_WARN_INFINITE_RECURSION = YES;
				CLANG_WARN_INT_CONVERSION = YES;
				CLANG_WARN_NON_LITERAL_NULL_CONVERSION = YES;
				CLANG_WARN_OBJC_IMPLICIT_RETAIN_SELF = YES;
				CLANG_WARN_OBJC_LITERAL_CONVERSION = YES;
				CLANG_WARN_OBJC_ROOT_CLASS = YES_ERROR;
				CLANG_WARN_RANGE_LOOP_ANALYSIS = YES;
				CLANG_WARN_STRICT_PROTOTYPES = YES;
				CLANG_WARN_SUSPICIOUS_MOVE = YES;
				CLANG_WARN_UNGUARDED_AVAILABILITY = YES_AGGRESSIVE;
				CLANG_WARN_UNREACHABLE_CODE = YES;
				CLANG_WARN__DUPLICATE_METHOD_MATCH = YES;
				COPY_PHASE_STRIP = NO;
				DEBUG_INFORMATION_FORMAT = "dwarf-with-dsym";
				ENABLE_NS_ASSERTIONS = NO;
				ENABLE_STRICT_OBJC_MSGSEND = YES;
				GCC_C_LANGUAGE_STANDARD = gnu11;
				GCC_NO_COMMON_BLOCKS = YES;
				GCC_WARN_64_TO_32_BIT_CONVERSION = YES;
				GCC_WARN_ABOUT_RETURN_TYPE = YES_ERROR;
				GCC_WARN_UNDECLARED_SELECTOR = YES;
				GCC_WARN_UNINITIALIZED_AUTOS = YES_AGGRESSIVE;
				GCC_WARN_UNUSED_FUNCTION = YES;
				GCC_WARN_UNUSED_VARIABLE = YES;
				IPHONEOS_DEPLOYMENT_TARGET = 13.5;
				MTL_ENABLE_DEBUG_INFO = NO;
				MTL_FAST_MATH = YES;
				SDKROOT = iphoneos;
				SWIFT_COMPILATION_MODE = wholemodule;
				SWIFT_OPTIMIZATION_LEVEL = "-O";
				VALIDATE_PRODUCT = YES;
			};
			name = Release;
		};
		B45C6CF7246EDA4300401F40 /* Debug */ = {
			isa = XCBuildConfiguration;
			buildSettings = {
				ASSETCATALOG_COMPILER_APPICON_NAME = AppIcon;
				CODE_SIGN_STYLE = Automatic;
				INFOPLIST_FILE = MentorBookk/Info.plist;
				LD_RUNPATH_SEARCH_PATHS = (
					"$(inherited)",
					"@executable_path/Frameworks",
				);
				PRODUCT_BUNDLE_IDENTIFIER = "app.zu-mi-.izumi.MentorBookk";
				PRODUCT_NAME = "$(TARGET_NAME)";
				SWIFT_VERSION = 5.0;
				TARGETED_DEVICE_FAMILY = "1,2";
			};
			name = Debug;
		};
		B45C6CF8246EDA4300401F40 /* Release */ = {
			isa = XCBuildConfiguration;
			buildSettings = {
				ASSETCATALOG_COMPILER_APPICON_NAME = AppIcon;
				CODE_SIGN_STYLE = Automatic;
				INFOPLIST_FILE = MentorBookk/Info.plist;
				LD_RUNPATH_SEARCH_PATHS = (
					"$(inherited)",
					"@executable_path/Frameworks",
				);
				PRODUCT_BUNDLE_IDENTIFIER = "app.zu-mi-.izumi.MentorBookk";
				PRODUCT_NAME = "$(TARGET_NAME)";
				SWIFT_VERSION = 5.0;
				TARGETED_DEVICE_FAMILY = "1,2";
			};
			name = Release;
		};
		B45C6CFA246EDA4300401F40 /* Debug */ = {
			isa = XCBuildConfiguration;
			buildSettings = {
				ALWAYS_EMBED_SWIFT_STANDARD_LIBRARIES = YES;
				BUNDLE_LOADER = "$(TEST_HOST)";
				CODE_SIGN_STYLE = Automatic;
				INFOPLIST_FILE = MentorBookkTests/Info.plist;
				IPHONEOS_DEPLOYMENT_TARGET = 13.5;
				LD_RUNPATH_SEARCH_PATHS = (
					"$(inherited)",
					"@executable_path/Frameworks",
					"@loader_path/Frameworks",
				);
				PRODUCT_BUNDLE_IDENTIFIER = "app.zu-mi-.izumi.MentorBookkTests";
				PRODUCT_NAME = "$(TARGET_NAME)";
				SWIFT_VERSION = 5.0;
				TARGETED_DEVICE_FAMILY = "1,2";
				TEST_HOST = "$(BUILT_PRODUCTS_DIR)/MentorBookk.app/MentorBookk";
			};
			name = Debug;
		};
		B45C6CFB246EDA4300401F40 /* Release */ = {
			isa = XCBuildConfiguration;
			buildSettings = {
				ALWAYS_EMBED_SWIFT_STANDARD_LIBRARIES = YES;
				BUNDLE_LOADER = "$(TEST_HOST)";
				CODE_SIGN_STYLE = Automatic;
				INFOPLIST_FILE = MentorBookkTests/Info.plist;
				IPHONEOS_DEPLOYMENT_TARGET = 13.5;
				LD_RUNPATH_SEARCH_PATHS = (
					"$(inherited)",
					"@executable_path/Frameworks",
					"@loader_path/Frameworks",
				);
				PRODUCT_BUNDLE_IDENTIFIER = "app.zu-mi-.izumi.MentorBookkTests";
				PRODUCT_NAME = "$(TARGET_NAME)";
				SWIFT_VERSION = 5.0;
				TARGETED_DEVICE_FAMILY = "1,2";
				TEST_HOST = "$(BUILT_PRODUCTS_DIR)/MentorBookk.app/MentorBookk";
			};
			name = Release;
		};
		B45C6CFD246EDA4300401F40 /* Debug */ = {
			isa = XCBuildConfiguration;
			buildSettings = {
				ALWAYS_EMBED_SWIFT_STANDARD_LIBRARIES = YES;
				CODE_SIGN_STYLE = Automatic;
				INFOPLIST_FILE = MentorBookkUITests/Info.plist;
				LD_RUNPATH_SEARCH_PATHS = (
					"$(inherited)",
					"@executable_path/Frameworks",
					"@loader_path/Frameworks",
				);
				PRODUCT_BUNDLE_IDENTIFIER = "app.zu-mi-.izumi.MentorBookkUITests";
				PRODUCT_NAME = "$(TARGET_NAME)";
				SWIFT_VERSION = 5.0;
				TARGETED_DEVICE_FAMILY = "1,2";
				TEST_TARGET_NAME = MentorBookk;
			};
			name = Debug;
		};
		B45C6CFE246EDA4300401F40 /* Release */ = {
			isa = XCBuildConfiguration;
			buildSettings = {
				ALWAYS_EMBED_SWIFT_STANDARD_LIBRARIES = YES;
				CODE_SIGN_STYLE = Automatic;
				INFOPLIST_FILE = MentorBookkUITests/Info.plist;
				LD_RUNPATH_SEARCH_PATHS = (
					"$(inherited)",
					"@executable_path/Frameworks",
					"@loader_path/Frameworks",
				);
				PRODUCT_BUNDLE_IDENTIFIER = "app.zu-mi-.izumi.MentorBookkUITests";
				PRODUCT_NAME = "$(TARGET_NAME)";
				SWIFT_VERSION = 5.0;
				TARGETED_DEVICE_FAMILY = "1,2";
				TEST_TARGET_NAME = MentorBookk;
			};
			name = Release;
		};
/* End XCBuildConfiguration section */

/* Begin XCConfigurationList section */
		B45C6CC7246EDA4200401F40 /* Build configuration list for PBXProject "MentorBookk" */ = {
			isa = XCConfigurationList;
			buildConfigurations = (
				B45C6CF4246EDA4300401F40 /* Debug */,
				B45C6CF5246EDA4300401F40 /* Release */,
			);
			defaultConfigurationIsVisible = 0;
			defaultConfigurationName = Release;
		};
		B45C6CF6246EDA4300401F40 /* Build configuration list for PBXNativeTarget "MentorBookk" */ = {
			isa = XCConfigurationList;
			buildConfigurations = (
				B45C6CF7246EDA4300401F40 /* Debug */,
				B45C6CF8246EDA4300401F40 /* Release */,
			);
			defaultConfigurationIsVisible = 0;
			defaultConfigurationName = Release;
		};
		B45C6CF9246EDA4300401F40 /* Build configuration list for PBXNativeTarget "MentorBookkTests" */ = {
			isa = XCConfigurationList;
			buildConfigurations = (
				B45C6CFA246EDA4300401F40 /* Debug */,
				B45C6CFB246EDA4300401F40 /* Release */,
			);
			defaultConfigurationIsVisible = 0;
			defaultConfigurationName = Release;
		};
		B45C6CFC246EDA4300401F40 /* Build configuration list for PBXNativeTarget "MentorBookkUITests" */ = {
			isa = XCConfigurationList;
			buildConfigurations = (
				B45C6CFD246EDA4300401F40 /* Debug */,
				B45C6CFE246EDA4300401F40 /* Release */,
			);
			defaultConfigurationIsVisible = 0;
			defaultConfigurationName = Release;
		};
/* End XCConfigurationList section */
	};
	rootObject = B45C6CC4246EDA4200401F40 /* Project object */;
}
